{
  "name": "tokibase-e2e-sdk",
  "lockfileVersion": 3,
  "requires": true,
  "packages": {
    "": {
      "name": "tokibase-e2e-sdk",
      "dependencies": {
        "eventsource": "^3.0.0",
        "pocketbase": "^0.28.1"
      }
    },
    "node_modules/eventsource": {
      "version": "3.0.7",
      "resolved": "https://registry.npmjs.org/eventsource/-/eventsource-3.0.7.tgz",
      "integrity": "sha512-CRT1WTyuQoD771GW56XEZFQ/ZoSfWid1alKGDYMmkt2yl8UXrVR4pspqWNEcqKvVIzg6PAltWjxcSSPrboA4iA==",
      "license": "MIT",
      "dependencies": {
        "eventsource-parser": "^3.0.1"
      },
      "engines": {
        "node": ">=18.0.0"
      }
    },
    "node_modules/eventsource-parser": {
      "version": "3.1.1",
      "resolved": "https://registry.npmjs.org/eventsource-parser/-/eventsource-parser-3.1.1.tgz",
      "integrity": "sha512-EKN1vKAMcZ8MlYMpaNuxN6R9yakzH6uajHcHVTqWJzvu5pWw9DyhbP35HH8MVBQ+dZjAfDxk+A8NiR9KWaXiyQ==",
      "license": "MIT",
      "engines": {
        "node": ">=18.0.0"
      }
    },
    "node_modules/pocketbase": {
      "version": "0.28.1",
      "resolved": "https://registry.npmjs.org/pocketbase/-/pocketbase-0.28.1.tgz",
      "integrity": "sha512-/3ihkq+rvfcs0MQgrK4sEElOg6gfenHW9S/O+3BSO+V1yT+4B10+9aT22uTQUPqze9ItwNtwWyY5ZmdgVCTdVA==",
      "license": "MIT"
    }
  }
}
